core:changelogs:
  - content: "---\npackages:\n  pagegraph:\n    type: patch\n---\n\n### Capture Markdown in dev when Vite pre-bundles dependencies\n\n`pagegraph()` now keeps `pagegraph` and `pagegraph/react` out of dependency pre-bundling, next to\nthe runtime entries. A pre-bundled copy gave pages their own document context and `defineFacts`\nregistry, so every dev capture (`/__pagegraph/markdown.json`, `<page>.md`, `claims check --dev`)\nfailed with `recorded no <Section>` or `Unknown document fact`.\n"
    filename: 2026-10-10-dev-capture-module-state.md
    v: 0.0.0
core:packages:
  - changelogIds:
      - 2026-10-10-dev-capture-module-state.md
    id: npm:pagegraph
    updated: true
npm:packages:
  - id: npm:pagegraph
