core:changelogs:
  - content: "---\npackages:\n  pagegraph:\n    type: patch\n---\n\n### Show Executor tool types for every search hit\n\n`executor_search` with details no longer fails when a hit is an MCP-backed tool whose schema has no\nTypeScript definitions. A hit whose schema cannot be loaded keeps its search result and reports\n`types unavailable: <reason>`, while the other hits still return their input and result types.\n"
    filename: 2026-10-04-executor-search-details.md
    v: 0.0.0
core:packages:
  - changelogIds:
      - 2026-10-04-executor-search-details.md
    id: npm:pagegraph
    updated: true
npm:packages:
  - id: npm:pagegraph
