core:changelogs:
  - content: "---\npackages:\n  pagegraph:\n    type: minor\n---\n\n### Build the graph inside a TanStack Start app with `pagegraph()`\n\n`pagegraph/tanstack-start` adds a Vite plugin that builds the SEO graph in the app's own Vite\npipeline — aliases, `define`s, and content plugins such as Fumadocs apply — and ships it to the\nserver runtime as data. `robots.txt` and `sitemap.xml` are one line each:\n\n```ts\n// vite.config.ts\npagegraph({ origin, indexable, robots: { contentSignal }, collections: \"src/lib/seo/collections.ts\", routeConfig });\n\n// src/routes/robots[.]txt.ts\nimport { robotsTxt } from \"pagegraph/tanstack-start/server\";\nexport const Route = createFileRoute(\"/robots.txt\")({ server: { handlers: { GET: robotsTxt } } });\n```\n\nThe plugin evaluates each route file that declares `staticData`, never the generated route tree, so\na route that imports server-only modules no longer needs a stub; an app-only route that cannot\nevaluate in Node fails with its file name and goes in `exclude`. `routeConfig` takes the\n`seoRouteConfig` options and adds the derived robots exclusions. `tanstackStartGraph({ root })`\ngives `seo.config.ts` and `loadPageHeads` the same graph, and `contentCollection` maps any pages\nwith a `url` (Fumadocs `getPages()`) to a collection.\n\n### Declare a page's head once\n\nA static route declares its head in `staticData.seo.head` and renders it with `head: seo.head`; the\ngraph, `pageHeads`, and `pagegraph check` read the same title, description, and FAQs. A route's\n`titleTemplate` (`\"%s | Example Blog\"`) applies to the title `seoHead` renders and to the route's\ncollection pages. `createSeo({ transformHead })` post-processes every rendered head.\n\n### Fail loud when a runtime bundle imports build code\n\n`pagegraph/config`, `pagegraph/vite`, `pagegraph/audit`, and `pagegraph/tanstack-start` resolve to a\nstub under the `workerd`, `worker`, and `browser` export conditions that throws at import with the\nentry's name, instead of crashing on a native binding when a request first runs. The README opens\nwith what runs where.\n\n### Keep every workflow failure\n\nWorkflows drop `null` from model JSON before decoding, give the repair turn every schema issue at\nonce, and write `failure.json` with the stage, OpenCode session id, transcript, and cause chain for\nevery error after a run starts. The error message ends with the artifact path and a next step.\n\n### Breaking changes\n\n- `selectPageHeadNodes`, `pageHeads`, `PageHead`, and `PageHeadsOptions` are exported from\n  `pagegraph`, not `pagegraph/config`. `loadPageHeads` stays in `pagegraph/config`.\n- `pageHeads` reads `node.head` (a declared `staticData.seo.head`, or a collection page through its\n  route's `titleTemplate`) instead of `node.instance`.\n- `PageSeoInstance` is `SeoPageHead` and `FAQItem` is `SeoFaq`.\n- `@tanstack/router-generator` is an optional peer: install it with `pagegraph/vite` or\n  `pagegraph/tanstack-start`.\n- `research-failure.json` is replaced by `failure.json`.\n- `seo.config.ts` `disallow` is optional; with `tanstackStartGraph` the robots policy comes from the\n  plugin and must not be repeated.\n\nMigrating a TanStack Start app: replace the hand-written graph module and `viteGraphLoader` with\n`pagegraph()` plus a collections module, move `seoRouteConfig` options to `routeConfig`, serve\nrobots and sitemap with `robotsTxt`/`sitemapXml`, move static heads into `staticData.seo.head` with\n`head: seo.head`, and move hand-appended title suffixes into `titleTemplate`. The\n[TanStack Start cookbook](https://github.com/aryasaatvik/pagegraph/blob/main/examples/tanstack-start/README.md)\nhas before/after snippets for each step.\n"
    filename: 2026-10-03-tanstack-start-adapter.md
    v: 0.0.0
core:packages:
  - changelogIds:
      - 2026-10-03-tanstack-start-adapter.md
    id: npm:pagegraph
    updated: true
npm:packages:
  - id: npm:pagegraph
